// !$*UTF8*$!
{
	archiveVersion = 1;
	classes = {
	};
	objectVersion = 50;
	objects = {

/* Begin PBXBuildFile section */
		EF557EF3214EC6ED00508D9D /* SDExtensions.framework in Frameworks */ = {isa = PBXBuildFile; fileRef = EF557EE9214EC6ED00508D9D /* SDExtensions.framework */; };
		EF557EFA214EC6ED00508D9D /* SDExtensions.h in Headers */ = {isa = PBXBuildFile; fileRef = EF557EEC214EC6ED00508D9D /* SDExtensions.h */; settings = {ATTRIBUTES = (Public, ); }; };
		EF557F05214F485500508D9D /* SDViewController.h in Headers */ = {isa = PBXBuildFile; fileRef = EF557F03214F485500508D9D /* SDViewController.h */; };
		EF557F06214F485500508D9D /* SDViewController.m in Sources */ = {isa = PBXBuildFile; fileRef = EF557F04214F485500508D9D /* SDViewController.m */; };
		EF699E7E2175E5B200819D7C /* NSString+SDString.h in Headers */ = {isa = PBXBuildFile; fileRef = EF699E7C2175E5B200819D7C /* NSString+SDString.h */; };
		EF699E7F2175E5B200819D7C /* NSString+SDString.m in Sources */ = {isa = PBXBuildFile; fileRef = EF699E7D2175E5B200819D7C /* NSString+SDString.m */; };
		EF699E822175E5BD00819D7C /* UIImage+SDImage.h in Headers */ = {isa = PBXBuildFile; fileRef = EF699E802175E5BD00819D7C /* UIImage+SDImage.h */; };
		EF699E832175E5BD00819D7C /* UIImage+SDImage.m in Sources */ = {isa = PBXBuildFile; fileRef = EF699E812175E5BD00819D7C /* UIImage+SDImage.m */; };
		EF699E882175E5CA00819D7C /* UITextView+SDTextView.m in Sources */ = {isa = PBXBuildFile; fileRef = EF699E842175E5CA00819D7C /* UITextView+SDTextView.m */; };
		EF699E892175E5CA00819D7C /* UIView+SDCorner.m in Sources */ = {isa = PBXBuildFile; fileRef = EF699E852175E5CA00819D7C /* UIView+SDCorner.m */; };
		EF699E8A2175E5CA00819D7C /* UITextView+SDTextView.h in Headers */ = {isa = PBXBuildFile; fileRef = EF699E862175E5CA00819D7C /* UITextView+SDTextView.h */; };
		EF699E8B2175E5CA00819D7C /* UIView+SDCorner.h in Headers */ = {isa = PBXBuildFile; fileRef = EF699E872175E5CA00819D7C /* UIView+SDCorner.h */; };
		EF699E912175E7E300819D7C /* UIBarButtonItem+SDBarButtonItem.m in Sources */ = {isa = PBXBuildFile; fileRef = EF699E8F2175E7E300819D7C /* UIBarButtonItem+SDBarButtonItem.m */; };
		EF699E922175E7E300819D7C /* UIBarButtonItem+SDBarButtonItem.h in Headers */ = {isa = PBXBuildFile; fileRef = EF699E902175E7E300819D7C /* UIBarButtonItem+SDBarButtonItem.h */; };
/* End PBXBuildFile section */

/* Begin PBXContainerItemProxy section */
		EF557EF4214EC6ED00508D9D /* PBXContainerItemProxy */ = {
			isa = PBXContainerItemProxy;
			containerPortal = EF557EE0214EC6ED00508D9D /* Project object */;
			proxyType = 1;
			remoteGlobalIDString = EF557EE8214EC6ED00508D9D;
			remoteInfo = SDExtensions;
		};
/* End PBXContainerItemProxy section */

/* Begin PBXFileReference section */
		EF557EE9214EC6ED00508D9D /* SDExtensions.framework */ = {isa = PBXFileReference; explicitFileType = wrapper.framework; includeInIndex = 0; path = SDExtensions.framework; sourceTree = BUILT_PRODUCTS_DIR; };
		EF557EEC214EC6ED00508D9D /* SDExtensions.h */ = {isa = PBXFileReference; lastKnownFileType = sourcecode.c.h; path = SDExtensions.h; sourceTree = "<group>"; };
		EF557EED214EC6ED00508D9D /* Info.plist */ = {isa = PBXFileReference; lastKnownFileType = text.plist.xml; path = Info.plist; sourceTree = "<group>"; };
		EF557EF2214EC6ED00508D9D /* SDExtensionsTests.xctest */ = {isa = PBXFileReference; explicitFileType = wrapper.cfbundle; includeInIndex = 0; path = SDExtensionsTests.xctest; sourceTree = BUILT_PRODUCTS_DIR; };
		EF557F03214F485500508D9D /* SDViewController.h */ = {isa = PBXFileReference; lastKnownFileType = sourcecode.c.h; path = SDViewController.h; sourceTree = "<group>"; };
		EF557F04214F485500508D9D /* SDViewController.m */ = {isa = PBXFileReference; lastKnownFileType = sourcecode.c.objc; path = SDViewController.m; sourceTree = "<group>"; };
		EF699E7C2175E5B200819D7C /* NSString+SDString.h */ = {isa = PBXFileReference; fileEncoding = 4; lastKnownFileType = sourcecode.c.h; path = "NSString+SDString.h"; sourceTree = "<group>"; };
		EF699E7D2175E5B200819D7C /* NSString+SDString.m */ = {isa = PBXFileReference; fileEncoding = 4; lastKnownFileType = sourcecode.c.objc; path = "NSString+SDString.m"; sourceTree = "<group>"; };
		EF699E802175E5BD00819D7C /* UIImage+SDImage.h */ = {isa = PBXFileReference; fileEncoding = 4; lastKnownFileType = sourcecode.c.h; path = "UIImage+SDImage.h"; sourceTree = "<group>"; };
		EF699E812175E5BD00819D7C /* UIImage+SDImage.m */ = {isa = PBXFileReference; fileEncoding = 4; lastKnownFileType = sourcecode.c.objc; path = "UIImage+SDImage.m"; sourceTree = "<group>"; };
		EF699E842175E5CA00819D7C /* UITextView+SDTextView.m */ = {isa = PBXFileReference; fileEncoding = 4; lastKnownFileType = sourcecode.c.objc; path = "UITextView+SDTextView.m"; sourceTree = "<group>"; };
		EF699E852175E5CA00819D7C /* UIView+SDCorner.m */ = {isa = PBXFileReference; fileEncoding = 4; lastKnownFileType = sourcecode.c.objc; path = "UIView+SDCorner.m"; sourceTree = "<group>"; };
		EF699E862175E5CA00819D7C /* UITextView+SDTextView.h */ = {isa = PBXFileReference; fileEncoding = 4; lastKnownFileType = sourcecode.c.h; path = "UITextView+SDTextView.h"; sourceTree = "<group>"; };
		EF699E872175E5CA00819D7C /* UIView+SDCorner.h */ = {isa = PBXFileReference; fileEncoding = 4; lastKnownFileType = sourcecode.c.h; path = "UIView+SDCorner.h"; sourceTree = "<group>"; };
		EF699E8F2175E7E300819D7C /* UIBarButtonItem+SDBarButtonItem.m */ = {isa = PBXFileReference; fileEncoding = 4; lastKnownFileType = sourcecode.c.objc; path = "UIBarButtonItem+SDBarButtonItem.m"; sourceTree = "<group>"; };
		EF699E902175E7E300819D7C /* UIBarButtonItem+SDBarButtonItem.h */ = {isa = PBXFileReference; fileEncoding = 4; lastKnownFileType = sourcecode.c.h; path = "UIBarButtonItem+SDBarButtonItem.h"; sourceTree = "<group>"; };
/* End PBXFileReference section */

/* Begin PBXFrameworksBuildPhase section */
		EF557EE5214EC6ED00508D9D /* Frameworks */ = {
			isa = PBXFrameworksBuildPhase;
			buildActionMask = 2147483647;
			files = (
			);
			runOnlyForDeploymentPostprocessing = 0;
		};
		EF557EEF214EC6ED00508D9D /* Frameworks */ = {
			isa = PBXFrameworksBuildPhase;
			buildActionMask = 2147483647;
			files = (
				EF557EF3214EC6ED00508D9D /* SDExtensions.framework in Frameworks */,
			);
			runOnlyForDeploymentPostprocessing = 0;
		};
/* End PBXFrameworksBuildPhase section */

/* Begin PBXGroup section */
		EF557EDF214EC6ED00508D9D = {
			isa = PBXGroup;
			children = (
				EF557EEB214EC6ED00508D9D /* SDExtensions */,
				EF557EEA214EC6ED00508D9D /* Products */,
			);
			sourceTree = "<group>";
		};
		EF557EEA214EC6ED00508D9D /* Products */ = {
			isa = PBXGroup;
			children = (
				EF557EE9214EC6ED00508D9D /* SDExtensions.framework */,
				EF557EF2214EC6ED00508D9D /* SDExtensionsTests.xctest */,
			);
			name = Products;
			sourceTree = "<group>";
		};
		EF557EEB214EC6ED00508D9D /* SDExtensions */ = {
			isa = PBXGroup;
			children = (
				EF557EEC214EC6ED00508D9D /* SDExtensions.h */,
				EF699E7C2175E5B200819D7C /* NSString+SDString.h */,
				EF699E7D2175E5B200819D7C /* NSString+SDString.m */,
				EF699E802175E5BD00819D7C /* UIImage+SDImage.h */,
				EF699E812175E5BD00819D7C /* UIImage+SDImage.m */,
				EF699E862175E5CA00819D7C /* UITextView+SDTextView.h */,
				EF699E842175E5CA00819D7C /* UITextView+SDTextView.m */,
				EF699E872175E5CA00819D7C /* UIView+SDCorner.h */,
				EF699E852175E5CA00819D7C /* UIView+SDCorner.m */,
				EF699E902175E7E300819D7C /* UIBarButtonItem+SDBarButtonItem.h */,
				EF699E8F2175E7E300819D7C /* UIBarButtonItem+SDBarButtonItem.m */,
				EF557F03214F485500508D9D /* SDViewController.h */,
				EF557F04214F485500508D9D /* SDViewController.m */,
				EF557EED214EC6ED00508D9D /* Info.plist */,
			);
			path = SDExtensions;
			sourceTree = "<group>";
		};
/* End PBXGroup section */

/* Begin PBXHeadersBuildPhase section */
		EF557EE6214EC6ED00508D9D /* Headers */ = {
			isa = PBXHeadersBuildPhase;
			buildActionMask = 2147483647;
			files = (
				EF557F05214F485500508D9D /* SDViewController.h in Headers */,
				EF699E922175E7E300819D7C /* UIBarButtonItem+SDBarButtonItem.h in Headers */,
				EF699E822175E5BD00819D7C /* UIImage+SDImage.h in Headers */,
				EF557EFA214EC6ED00508D9D /* SDExtensions.h in Headers */,
				EF699E7E2175E5B200819D7C /* NSString+SDString.h in Headers */,
				EF699E8A2175E5CA00819D7C /* UITextView+SDTextView.h in Headers */,
				EF699E8B2175E5CA00819D7C /* UIView+SDCorner.h in Headers */,
			);
			runOnlyForDeploymentPostprocessing = 0;
		};
/* End PBXHeadersBuildPhase section */

/* Begin PBXNativeTarget section */
		EF557EE8214EC6ED00508D9D /* SDExtensions */ = {
			isa = PBXNativeTarget;
			buildConfigurationList = EF557EFD214EC6ED00508D9D /* Build configuration list for PBXNativeTarget "SDExtensions" */;
			buildPhases = (
				EF557EE4214EC6ED00508D9D /* Sources */,
				EF557EE5214EC6ED00508D9D /* Frameworks */,
				EF557EE6214EC6ED00508D9D /* Headers */,
				EF557EE7214EC6ED00508D9D /* Resources */,
			);
			buildRules = (
			);
			dependencies = (
			);
			name = SDExtensions;
			productName = SDExtensions;
			productReference = EF557EE9214EC6ED00508D9D /* SDExtensions.framework */;
			productType = "com.apple.product-type.framework";
		};
		EF557EF1214EC6ED00508D9D /* SDExtensionsTests */ = {
			isa = PBXNativeTarget;
			buildConfigurationList = EF557F00214EC6ED00508D9D /* Build configuration list for PBXNativeTarget "SDExtensionsTests" */;
			buildPhases = (
				EF557EEE214EC6ED00508D9D /* Sources */,
				EF557EEF214EC6ED00508D9D /* Frameworks */,
				EF557EF0214EC6ED00508D9D /* Resources */,
			);
			buildRules = (
			);
			dependencies = (
				EF557EF5214EC6ED00508D9D /* PBXTargetDependency */,
			);
			name = SDExtensionsTests;
			productName = SDExtensionsTests;
			productReference = EF557EF2214EC6ED00508D9D /* SDExtensionsTests.xctest */;
			productType = "com.apple.product-type.bundle.unit-test";
		};
/* End PBXNativeTarget section */

/* Begin PBXProject section */
		EF557EE0214EC6ED00508D9D /* Project object */ = {
			isa = PBXProject;
			attributes = {
				LastUpgradeCheck = 0940;
				ORGANIZATIONNAME = slowdony;
				TargetAttributes = {
					EF557EE8214EC6ED00508D9D = {
						CreatedOnToolsVersion = 9.4.1;
					};
					EF557EF1214EC6ED00508D9D = {
						CreatedOnToolsVersion = 9.4.1;
					};
				};
			};
			buildConfigurationList = EF557EE3214EC6ED00508D9D /* Build configuration list for PBXProject "SDExtensions" */;
			compatibilityVersion = "Xcode 9.3";
			developmentRegion = en;
			hasScannedForEncodings = 0;
			knownRegions = (
				en,
			);
			mainGroup = EF557EDF214EC6ED00508D9D;
			productRefGroup = EF557EEA214EC6ED00508D9D /* Products */;
			projectDirPath = "";
			projectRoot = "";
			targets = (
				EF557EE8214EC6ED00508D9D /* SDExtensions */,
				EF557EF1214EC6ED00508D9D /* SDExtensionsTests */,
			);
		};
/* End PBXProject section */

/* Begin PBXResourcesBuildPhase section */
		EF557EE7214EC6ED00508D9D /* Resources */ = {
			isa = PBXResourcesBuildPhase;
			buildActionMask = 2147483647;
			files = (
			);
			runOnlyForDeploymentPostprocessing = 0;
		};
		EF557EF0214EC6ED00508D9D /* Resources */ = {
			isa = PBXResourcesBuildPhase;
			buildActionMask = 2147483647;
			files = (
			);
			runOnlyForDeploymentPostprocessing = 0;
		};
/* End PBXResourcesBuildPhase section */

/* Begin PBXSourcesBuildPhase section */
		EF557EE4214EC6ED00508D9D /* Sources */ = {
			isa = PBXSourcesBuildPhase;
			buildActionMask = 2147483647;
			files = (
				EF699E832175E5BD00819D7C /* UIImage+SDImage.m in Sources */,
				EF557F06214F485500508D9D /* SDViewController.m in Sources */,
				EF699E882175E5CA00819D7C /* UITextView+SDTextView.m in Sources */,
				EF699E892175E5CA00819D7C /* UIView+SDCorner.m in Sources */,
				EF699E912175E7E300819D7C /* UIBarButtonItem+SDBarButtonItem.m in Sources */,
				EF699E7F2175E5B200819D7C /* NSString+SDString.m in Sources */,
			);
			runOnlyForDeploymentPostprocessing = 0;
		};
		EF557EEE214EC6ED00508D9D /* Sources */ = {
			isa = PBXSourcesBuildPhase;
			buildActionMask = 2147483647;
			files = (
			);
			runOnlyForDeploymentPostprocessing = 0;
		};
/* End PBXSourcesBuildPhase section */

/* Begin PBXTargetDependency section */
		EF557EF5214EC6ED00508D9D /* PBXTargetDependency */ = {
			isa = PBXTargetDependency;
			target = EF557EE8214EC6ED00508D9D /* SDExtensions */;
			targetProxy = EF557EF4214EC6ED00508D9D /* PBXContainerItemProxy */;
		};
/* End PBXTargetDependency section */

/* Begin XCBuildConfiguration section */
		EF557EFB214EC6ED00508D9D /* Debug */ = {
			isa = XCBuildConfiguration;
			buildSettings = {
				ALWAYS_SEARCH_USER_PATHS = NO;
				CLANG_ANALYZER_NONNULL = YES;
				CLANG_ANALYZER_NUMBER_OBJECT_CONVERSION = YES_AGGRESSIVE;
				CLANG_CXX_LANGUAGE_STANDARD = "gnu++14";
				CLANG_CXX_LIBRARY = "libc++";
				CLANG_ENABLE_MODULES = YES;
				CLANG_ENABLE_OBJC_ARC = YES;
				CLANG_ENABLE_OBJC_WEAK = YES;
				CLANG_WARN_BLOCK_CAPTURE_AUTORELEASING = YES;
				CLANG_WARN_BOOL_CONVERSION = YES;
				CLANG_WARN_COMMA = YES;
				CLANG_WARN_CONSTANT_CONVERSION = YES;
				CLANG_WARN_DEPRECATED_OBJC_IMPLEMENTATIONS = YES;
				CLANG_WARN_DIRECT_OBJC_ISA_USAGE = YES_ERROR;
				CLANG_WARN_DOCUMENTATION_COMMENTS = YES;
				CLANG_WARN_EMPTY_BODY = YES;
				CLANG_WARN_ENUM_CONVERSION = YES;
				CLANG_WARN_INFINITE_RECURSION = YES;
				CLANG_WARN_INT_CONVERSION = YES;
				CLANG_WARN_NON_LITERAL_NULL_CONVERSION = YES;
				CLANG_WARN_OBJC_IMPLICIT_RETAIN_SELF = YES;
				CLANG_WARN_OBJC_LITERAL_CONVERSION = YES;
				CLANG_WARN_OBJC_ROOT_CLASS = YES_ERROR;
				CLANG_WARN_RANGE_LOOP_ANALYSIS = YES;
				CLANG_WARN_STRICT_PROTOTYPES = YES;
				CLANG_WARN_SUSPICIOUS_MOVE = YES;
				CLANG_WARN_UNGUARDED_AVAILABILITY = YES_AGGRESSIVE;
				CLANG_WARN_UNREACHABLE_CODE = YES;
				CLANG_WARN__DUPLICATE_METHOD_MATCH = YES;
				CODE_SIGN_IDENTITY = "iPhone Developer";
				COPY_PHASE_STRIP = NO;
				CURRENT_PROJECT_VERSION = 1;
				DEBUG_INFORMATION_FORMAT = dwarf;
				ENABLE_STRICT_OBJC_MSGSEND = YES;
				ENABLE_TESTABILITY = YES;
				GCC_C_LANGUAGE_STANDARD = gnu11;
				GCC_DYNAMIC_NO_PIC = NO;
				GCC_NO_COMMON_BLOCKS = YES;
				GCC_OPTIMIZATION_LEVEL = 0;
				GCC_PREPROCESSOR_DEFINITIONS = (
					"DEBUG=1",
					"$(inherited)",
				);
				GCC_WARN_64_TO_32_BIT_CONVERSION = YES;
				GCC_WARN_ABOUT_RETURN_TYPE = YES_ERROR;
				GCC_WARN_UNDECLARED_SELECTOR = YES;
				GCC_WARN_UNINITIALIZED_AUTOS = YES_AGGRESSIVE;
				GCC_WARN_UNUSED_FUNCTION = YES;
				GCC_WARN_UNUSED_VARIABLE = YES;
				IPHONEOS_DEPLOYMENT_TARGET = 11.4;
				MTL_ENABLE_DEBUG_INFO = YES;
				ONLY_ACTIVE_ARCH = YES;
				SDKROOT = iphoneos;
				VERSIONING_SYSTEM = "apple-generic";
				VERSION_INFO_PREFIX = "";
			};
			name = Debug;
		};
		EF557EFC214EC6ED00508D9D /* Release */ = {
			isa = XCBuildConfiguration;
			buildSettings = {
				ALWAYS_SEARCH_USER_PATHS = NO;
				CLANG_ANALYZER_NONNULL = YES;
				CLANG_ANALYZER_NUMBER_OBJECT_CONVERSION = YES_AGGRESSIVE;
				CLANG_CXX_LANGUAGE_STANDARD = "gnu++14";
				CLANG_CXX_LIBRARY = "libc++";
				CLANG_ENABLE_MODULES = YES;
				CLANG_ENABLE_OBJC_ARC = YES;
				CLANG_ENABLE_OBJC_WEAK = YES;
				CLANG_WARN_BLOCK_CAPTURE_AUTORELEASING = YES;
				CLANG_WARN_BOOL_CONVERSION = YES;
				CLANG_WARN_COMMA = YES;
				CLANG_WARN_CONSTANT_CONVERSION = YES;
				CLANG_WARN_DEPRECATED_OBJC_IMPLEMENTATIONS = YES;
				CLANG_WARN_DIRECT_OBJC_ISA_USAGE = YES_ERROR;
				CLANG_WARN_DOCUMENTATION_COMMENTS = YES;
				CLANG_WARN_EMPTY_BODY = YES;
				CLANG_WARN_ENUM_CONVERSION = YES;
				CLANG_WARN_INFINITE_RECURSION = YES;
				CLANG_WARN_INT_CONVERSION = YES;
				CLANG_WARN_NON_LITERAL_NULL_CONVERSION = YES;
				CLANG_WARN_OBJC_IMPLICIT_RETAIN_SELF = YES;
				CLANG_WARN_OBJC_LITERAL_CONVERSION = YES;
				CLANG_WARN_OBJC_ROOT_CLASS = YES_ERROR;
				CLANG_WARN_RANGE_LOOP_ANALYSIS = YES;
				CLANG_WARN_STRICT_PROTOTYPES = YES;
				CLANG_WARN_SUSPICIOUS_MOVE = YES;
				CLANG_WARN_UNGUARDED_AVAILABILITY = YES_AGGRESSIVE;
				CLANG_WARN_UNREACHABLE_CODE = YES;
				CLANG_WARN__DUPLICATE_METHOD_MATCH = YES;
				CODE_SIGN_IDENTITY = "iPhone Developer";
				COPY_PHASE_STRIP = NO;
				CURRENT_PROJECT_VERSION = 1;
				DEBUG_INFORMATION_FORMAT = "dwarf-with-dsym";
				ENABLE_NS_ASSERTIONS = NO;
				ENABLE_STRICT_OBJC_MSGSEND = YES;
				GCC_C_LANGUAGE_STANDARD = gnu11;
				GCC_NO_COMMON_BLOCKS = YES;
				GCC_WARN_64_TO_32_BIT_CONVERSION = YES;
				GCC_WARN_ABOUT_RETURN_TYPE = YES_ERROR;
				GCC_WARN_UNDECLARED_SELECTOR = YES;
				GCC_WARN_UNINITIALIZED_AUTOS = YES_AGGRESSIVE;
				GCC_WARN_UNUSED_FUNCTION = YES;
				GCC_WARN_UNUSED_VARIABLE = YES;
				IPHONEOS_DEPLOYMENT_TARGET = 11.4;
				MTL_ENABLE_DEBUG_INFO = NO;
				SDKROOT = iphoneos;
				VALIDATE_PRODUCT = YES;
				VERSIONING_SYSTEM = "apple-generic";
				VERSION_INFO_PREFIX = "";
			};
			name = Release;
		};
		EF557EFE214EC6ED00508D9D /* Debug */ = {
			isa = XCBuildConfiguration;
			buildSettings = {
				CODE_SIGN_IDENTITY = "";
				CODE_SIGN_STYLE = Automatic;
				DEFINES_MODULE = YES;
				DYLIB_COMPATIBILITY_VERSION = 1;
				DYLIB_CURRENT_VERSION = 1;
				DYLIB_INSTALL_NAME_BASE = "@rpath";
				INFOPLIST_FILE = SDExtensions/Info.plist;
				INSTALL_PATH = "$(LOCAL_LIBRARY_DIR)/Frameworks";
				LD_RUNPATH_SEARCH_PATHS = (
					"$(inherited)",
					"@executable_path/Frameworks",
					"@loader_path/Frameworks",
				);
				PRODUCT_BUNDLE_IDENTIFIER = slowdony.SDExtensions;
				PRODUCT_NAME = "$(TARGET_NAME:c99extidentifier)";
				SKIP_INSTALL = YES;
				TARGETED_DEVICE_FAMILY = "1,2";
			};
			name = Debug;
		};
		EF557EFF214EC6ED00508D9D /* Release */ = {
			isa = XCBuildConfiguration;
			buildSettings = {
				CODE_SIGN_IDENTITY = "";
				CODE_SIGN_STYLE = Automatic;
				DEFINES_MODULE = YES;
				DYLIB_COMPATIBILITY_VERSION = 1;
				DYLIB_CURRENT_VERSION = 1;
				DYLIB_INSTALL_NAME_BASE = "@rpath";
				INFOPLIST_FILE = SDExtensions/Info.plist;
				INSTALL_PATH = "$(LOCAL_LIBRARY_DIR)/Frameworks";
				LD_RUNPATH_SEARCH_PATHS = (
					"$(inherited)",
					"@executable_path/Frameworks",
					"@loader_path/Frameworks",
				);
				PRODUCT_BUNDLE_IDENTIFIER = slowdony.SDExtensions;
				PRODUCT_NAME = "$(TARGET_NAME:c99extidentifier)";
				SKIP_INSTALL = YES;
				TARGETED_DEVICE_FAMILY = "1,2";
			};
			name = Release;
		};
		EF557F01214EC6ED00508D9D /* Debug */ = {
			isa = XCBuildConfiguration;
			buildSettings = {
				CODE_SIGN_STYLE = Automatic;
				INFOPLIST_FILE = SDExtensionsTests/Info.plist;
				LD_RUNPATH_SEARCH_PATHS = (
					"$(inherited)",
					"@executable_path/Frameworks",
					"@loader_path/Frameworks",
				);
				PRODUCT_BUNDLE_IDENTIFIER = slowdony.SDExtensionsTests;
				PRODUCT_NAME = "$(TARGET_NAME)";
				TARGETED_DEVICE_FAMILY = "1,2";
			};
			name = Debug;
		};
		EF557F02214EC6ED00508D9D /* Release */ = {
			isa = XCBuildConfiguration;
			buildSettings = {
				CODE_SIGN_STYLE = Automatic;
				INFOPLIST_FILE = SDExtensionsTests/Info.plist;
				LD_RUNPATH_SEARCH_PATHS = (
					"$(inherited)",
					"@executable_path/Frameworks",
					"@loader_path/Frameworks",
				);
				PRODUCT_BUNDLE_IDENTIFIER = slowdony.SDExtensionsTests;
				PRODUCT_NAME = "$(TARGET_NAME)";
				TARGETED_DEVICE_FAMILY = "1,2";
			};
			name = Release;
		};
/* End XCBuildConfiguration section */

/* Begin XCConfigurationList section */
		EF557EE3214EC6ED00508D9D /* Build configuration list for PBXProject "SDExtensions" */ = {
			isa = XCConfigurationList;
			buildConfigurations = (
				EF557EFB214EC6ED00508D9D /* Debug */,
				EF557EFC214EC6ED00508D9D /* Release */,
			);
			defaultConfigurationIsVisible = 0;
			defaultConfigurationName = Release;
		};
		EF557EFD214EC6ED00508D9D /* Build configuration list for PBXNativeTarget "SDExtensions" */ = {
			isa = XCConfigurationList;
			buildConfigurations = (
				EF557EFE214EC6ED00508D9D /* Debug */,
				EF557EFF214EC6ED00508D9D /* Release */,
			);
			defaultConfigurationIsVisible = 0;
			defaultConfigurationName = Release;
		};
		EF557F00214EC6ED00508D9D /* Build configuration list for PBXNativeTarget "SDExtensionsTests" */ = {
			isa = XCConfigurationList;
			buildConfigurations = (
				EF557F01214EC6ED00508D9D /* Debug */,
				EF557F02214EC6ED00508D9D /* Release */,
			);
			defaultConfigurationIsVisible = 0;
			defaultConfigurationName = Release;
		};
/* End XCConfigurationList section */
	};
	rootObject = EF557EE0214EC6ED00508D9D /* Project object */;
}
